// !$*UTF8*$!
{
	archiveVersion = 1;
	classes = {
	};
	objectVersion = 52;
	objects = {

/* Begin PBXBuildFile section */
		B9AEF9C825D7E5EB000EF9DE /* App.swift in Sources */ = {isa = PBXBuildFile; fileRef = B9AEF9C725D7E5EB000EF9DE /* App.swift */; };
		B9AEF9CA25D7E5EB000EF9DE /* Base.swift in Sources */ = {isa = PBXBuildFile; fileRef = B9AEF9C925D7E5EB000EF9DE /* Base.swift */; };
		B9AEF9CC25D7E5EC000EF9DE /* Assets.xcassets in Resources */ = {isa = PBXBuildFile; fileRef = B9AEF9CB25D7E5EC000EF9DE /* Assets.xcassets */; };
		B9AEF9D925D7E64A000EF9DE /* Loadability in Frameworks */ = {isa = PBXBuildFile; productRef = B9AEF9D825D7E64A000EF9DE /* Loadability */; };
		B9AEF9E025D7E785000EF9DE /* StatesLoader.swift in Sources */ = {isa = PBXBuildFile; fileRef = B9AEF9DF25D7E785000EF9DE /* StatesLoader.swift */; };
		B9AEF9E825D7E7B9000EF9DE /* State.swift in Sources */ = {isa = PBXBuildFile; fileRef = B9AEF9E725D7E7B9000EF9DE /* State.swift */; };
		B9AEF9EE25D7E8D8000EF9DE /* OverallHeader.swift in Sources */ = {isa = PBXBuildFile; fileRef = B9AEF9ED25D7E8D8000EF9DE /* OverallHeader.swift */; };
		B9AEF9F325D7E905000EF9DE /* Statistic.swift in Sources */ = {isa = PBXBuildFile; fileRef = B9AEF9F225D7E905000EF9DE /* Statistic.swift */; };
		B9AEF9F625D7E952000EF9DE /* OverallLoader.swift in Sources */ = {isa = PBXBuildFile; fileRef = B9AEF9F525D7E952000EF9DE /* OverallLoader.swift */; };
		B9AEF9FB25D7EA97000EF9DE /* StatisticView.swift in Sources */ = {isa = PBXBuildFile; fileRef = B9AEF9FA25D7EA97000EF9DE /* StatisticView.swift */; };
		B9AEF9FF25D7EB52000EF9DE /* StateList.swift in Sources */ = {isa = PBXBuildFile; fileRef = B9AEF9FE25D7EB52000EF9DE /* StateList.swift */; };
		B9AEFA0225D7EE1F000EF9DE /* StateStatisticLoader.swift in Sources */ = {isa = PBXBuildFile; fileRef = B9AEFA0125D7EE1F000EF9DE /* StateStatisticLoader.swift */; };
		B9AEFA0625D7EEB5000EF9DE /* StateInfo.swift in Sources */ = {isa = PBXBuildFile; fileRef = B9AEFA0525D7EEB5000EF9DE /* StateInfo.swift */; };
/* End PBXBuildFile section */

/* Begin PBXFileReference section */
		B9AEF9C425D7E5EB000EF9DE /* COVID-19.app */ = {isa = PBXFileReference; explicitFileType = wrapper.application; includeInIndex = 0; path = "COVID-19.app"; sourceTree = BUILT_PRODUCTS_DIR; };
		B9AEF9C725D7E5EB000EF9DE /* App.swift */ = {isa = PBXFileReference; lastKnownFileType = sourcecode.swift; path = App.swift; sourceTree = "<group>"; };
		B9AEF9C925D7E5EB000EF9DE /* Base.swift */ = {isa = PBXFileReference; lastKnownFileType = sourcecode.swift; path = Base.swift; sourceTree = "<group>"; };
		B9AEF9CB25D7E5EC000EF9DE /* Assets.xcassets */ = {isa = PBXFileReference; lastKnownFileType = folder.assetcatalog; path = Assets.xcassets; sourceTree = "<group>"; };
		B9AEF9D025D7E5EC000EF9DE /* Info.plist */ = {isa = PBXFileReference; lastKnownFileType = text.plist.xml; path = Info.plist; sourceTree = "<group>"; };
		B9AEF9DF25D7E785000EF9DE /* StatesLoader.swift */ = {isa = PBXFileReference; lastKnownFileType = sourcecode.swift; path = StatesLoader.swift; sourceTree = "<group>"; };
		B9AEF9E725D7E7B9000EF9DE /* State.swift */ = {isa = PBXFileReference; lastKnownFileType = sourcecode.swift; path = State.swift; sourceTree = "<group>"; };
		B9AEF9ED25D7E8D8000EF9DE /* OverallHeader.swift */ = {isa = PBXFileReference; lastKnownFileType = sourcecode.swift; path = OverallHeader.swift; sourceTree = "<group>"; };
		B9AEF9F225D7E905000EF9DE /* Statistic.swift */ = {isa = PBXFileReference; lastKnownFileType = sourcecode.swift; path = Statistic.swift; sourceTree = "<group>"; };
		B9AEF9F525D7E952000EF9DE /* OverallLoader.swift */ = {isa = PBXFileReference; lastKnownFileType = sourcecode.swift; path = OverallLoader.swift; sourceTree = "<group>"; };
		B9AEF9FA25D7EA97000EF9DE /* StatisticView.swift */ = {isa = PBXFileReference; lastKnownFileType = sourcecode.swift; path = StatisticView.swift; sourceTree = "<group>"; };
		B9AEF9FE25D7EB52000EF9DE /* StateList.swift */ = {isa = PBXFileReference; lastKnownFileType = sourcecode.swift; path = StateList.swift; sourceTree = "<group>"; };
		B9AEFA0125D7EE1F000EF9DE /* StateStatisticLoader.swift */ = {isa = PBXFileReference; lastKnownFileType = sourcecode.swift; path = StateStatisticLoader.swift; sourceTree = "<group>"; };
		B9AEFA0525D7EEB5000EF9DE /* StateInfo.swift */ = {isa = PBXFileReference; lastKnownFileType = sourcecode.swift; path = StateInfo.swift; sourceTree = "<group>"; };
/* End PBXFileReference section */

/* Begin PBXFrameworksBuildPhase section */
		B9AEF9C125D7E5EB000EF9DE /* Frameworks */ = {
			isa = PBXFrameworksBuildPhase;
			buildActionMask = 2147483647;
			files = (
				B9AEF9D925D7E64A000EF9DE /* Loadability in Frameworks */,
			);
			runOnlyForDeploymentPostprocessing = 0;
		};
/* End PBXFrameworksBuildPhase section */

/* Begin PBXGroup section */
		B9AEF9BB25D7E5EB000EF9DE = {
			isa = PBXGroup;
			children = (
				B9AEF9C625D7E5EB000EF9DE /* COVID-19 */,
				B9AEF9C525D7E5EB000EF9DE /* Products */,
			);
			sourceTree = "<group>";
		};
		B9AEF9C525D7E5EB000EF9DE /* Products */ = {
			isa = PBXGroup;
			children = (
				B9AEF9C425D7E5EB000EF9DE /* COVID-19.app */,
			);
			name = Products;
			sourceTree = "<group>";
		};
		B9AEF9C625D7E5EB000EF9DE /* COVID-19 */ = {
			isa = PBXGroup;
			children = (
				B9AEF9C725D7E5EB000EF9DE /* App.swift */,
				B9AEF9E625D7E7AF000EF9DE /* Models */,
				B9AEF9E225D7E787000EF9DE /* Loaders */,
				B9AEF9E425D7E78F000EF9DE /* Views */,
				B9AEF9CB25D7E5EC000EF9DE /* Assets.xcassets */,
				B9AEF9D025D7E5EC000EF9DE /* Info.plist */,
			);
			path = "COVID-19";
			sourceTree = "<group>";
		};
		B9AEF9E225D7E787000EF9DE /* Loaders */ = {
			isa = PBXGroup;
			children = (
				B9AEF9DF25D7E785000EF9DE /* StatesLoader.swift */,
				B9AEFA0125D7EE1F000EF9DE /* StateStatisticLoader.swift */,
				B9AEF9F525D7E952000EF9DE /* OverallLoader.swift */,
			);
			path = Loaders;
			sourceTree = "<group>";
		};
		B9AEF9E425D7E78F000EF9DE /* Views */ = {
			isa = PBXGroup;
			children = (
				B9AEF9C925D7E5EB000EF9DE /* Base.swift */,
				B9AEF9ED25D7E8D8000EF9DE /* OverallHeader.swift */,
				B9AEF9FE25D7EB52000EF9DE /* StateList.swift */,
				B9AEFA0525D7EEB5000EF9DE /* StateInfo.swift */,
				B9AEF9FA25D7EA97000EF9DE /* StatisticView.swift */,
			);
			path = Views;
			sourceTree = "<group>";
		};
		B9AEF9E625D7E7AF000EF9DE /* Models */ = {
			isa = PBXGroup;
			children = (
				B9AEF9E725D7E7B9000EF9DE /* State.swift */,
				B9AEF9F225D7E905000EF9DE /* Statistic.swift */,
			);
			path = Models;
			sourceTree = "<group>";
		};
/* End PBXGroup section */

/* Begin PBXNativeTarget section */
		B9AEF9C325D7E5EB000EF9DE /* COVID-19 */ = {
			isa = PBXNativeTarget;
			buildConfigurationList = B9AEF9D325D7E5EC000EF9DE /* Build configuration list for PBXNativeTarget "COVID-19" */;
			buildPhases = (
				B9AEF9C025D7E5EB000EF9DE /* Sources */,
				B9AEF9C125D7E5EB000EF9DE /* Frameworks */,
				B9AEF9C225D7E5EB000EF9DE /* Resources */,
			);
			buildRules = (
			);
			dependencies = (
			);
			name = "COVID-19";
			packageProductDependencies = (
				B9AEF9D825D7E64A000EF9DE /* Loadability */,
			);
			productName = "COVID-19";
			productReference = B9AEF9C425D7E5EB000EF9DE /* COVID-19.app */;
			productType = "com.apple.product-type.application";
		};
/* End PBXNativeTarget section */

/* Begin PBXProject section */
		B9AEF9BC25D7E5EB000EF9DE /* Project object */ = {
			isa = PBXProject;
			attributes = {
				LastSwiftUpdateCheck = 1230;
				LastUpgradeCheck = 1230;
				TargetAttributes = {
					B9AEF9C325D7E5EB000EF9DE = {
						CreatedOnToolsVersion = 12.3;
					};
				};
			};
			buildConfigurationList = B9AEF9BF25D7E5EB000EF9DE /* Build configuration list for PBXProject "COVID-19" */;
			compatibilityVersion = "Xcode 9.3";
			developmentRegion = en;
			hasScannedForEncodings = 0;
			knownRegions = (
				en,
				Base,
			);
			mainGroup = B9AEF9BB25D7E5EB000EF9DE;
			packageReferences = (
				B9AEF9D725D7E64A000EF9DE /* XCRemoteSwiftPackageReference "Loadability" */,
			);
			productRefGroup = B9AEF9C525D7E5EB000EF9DE /* Products */;
			projectDirPath = "";
			projectRoot = "";
			targets = (
				B9AEF9C325D7E5EB000EF9DE /* COVID-19 */,
			);
		};
/* End PBXProject section */

/* Begin PBXResourcesBuildPhase section */
		B9AEF9C225D7E5EB000EF9DE /* Resources */ = {
			isa = PBXResourcesBuildPhase;
			buildActionMask = 2147483647;
			files = (
				B9AEF9CC25D7E5EC000EF9DE /* Assets.xcassets in Resources */,
			);
			runOnlyForDeploymentPostprocessing = 0;
		};
/* End PBXResourcesBuildPhase section */

/* Begin PBXSourcesBuildPhase section */
		B9AEF9C025D7E5EB000EF9DE /* Sources */ = {
			isa = PBXSourcesBuildPhase;
			buildActionMask = 2147483647;
			files = (
				B9AEF9CA25D7E5EB000EF9DE /* Base.swift in Sources */,
				B9AEF9F625D7E952000EF9DE /* OverallLoader.swift in Sources */,
				B9AEF9FF25D7EB52000EF9DE /* StateList.swift in Sources */,
				B9AEF9C825D7E5EB000EF9DE /* App.swift in Sources */,
				B9AEF9E025D7E785000EF9DE /* StatesLoader.swift in Sources */,
				B9AEF9E825D7E7B9000EF9DE /* State.swift in Sources */,
				B9AEF9EE25D7E8D8000EF9DE /* OverallHeader.swift in Sources */,
				B9AEFA0625D7EEB5000EF9DE /* StateInfo.swift in Sources */,
				B9AEF9FB25D7EA97000EF9DE /* StatisticView.swift in Sources */,
				B9AEF9F325D7E905000EF9DE /* Statistic.swift in Sources */,
				B9AEFA0225D7EE1F000EF9DE /* StateStatisticLoader.swift in Sources */,
			);
			runOnlyForDeploymentPostprocessing = 0;
		};
/* End PBXSourcesBuildPhase section */

/* Begin XCBuildConfiguration section */
		B9AEF9D125D7E5EC000EF9DE /* Debug */ = {
			isa = XCBuildConfiguration;
			buildSettings = {
				ALWAYS_SEARCH_USER_PATHS = NO;
				CLANG_ANALYZER_NONNULL = YES;
				CLANG_ANALYZER_NUMBER_OBJECT_CONVERSION = YES_AGGRESSIVE;
				CLANG_CXX_LANGUAGE_STANDARD = "gnu++14";
				CLANG_CXX_LIBRARY = "libc++";
				CLANG_ENABLE_MODULES = YES;
				CLANG_ENABLE_OBJC_ARC = YES;
				CLANG_ENABLE_OBJC_WEAK = YES;
				CLANG_WARN_BLOCK_CAPTURE_AUTORELEASING = YES;
				CLANG_WARN_BOOL_CONVERSION = YES;
				CLANG_WARN_COMMA = YES;
				CLANG_WARN_CONSTANT_CONVERSION = YES;
				CLANG_WARN_DEPRECATED_OBJC_IMPLEMENTATIONS = YES;
				CLANG_WARN_DIRECT_OBJC_ISA_USAGE = YES_ERROR;
				CLANG_WARN_DOCUMENTATION_COMMENTS = YES;
				CLANG_WARN_EMPTY_BODY = YES;
				CLANG_WARN_ENUM_CONVERSION = YES;
				CLANG_WARN_INFINITE_RECURSION = YES;
				CLANG_WARN_INT_CONVERSION = YES;
				CLANG_WARN_NON_LITERAL_NULL_CONVERSION = YES;
				CLANG_WARN_OBJC_IMPLICIT_RETAIN_SELF = YES;
				CLANG_WARN_OBJC_LITERAL_CONVERSION = YES;
				CLANG_WARN_OBJC_ROOT_CLASS = YES_ERROR;
				CLANG_WARN_QUOTED_INCLUDE_IN_FRAMEWORK_HEADER = YES;
				CLANG_WARN_RANGE_LOOP_ANALYSIS = YES;
				CLANG_WARN_STRICT_PROTOTYPES = YES;
				CLANG_WARN_SUSPICIOUS_MOVE = YES;
				CLANG_WARN_UNGUARDED_AVAILABILITY = YES_AGGRESSIVE;
				CLANG_WARN_UNREACHABLE_CODE = YES;
				CLANG_WARN__DUPLICATE_METHOD_MATCH = YES;
				COPY_PHASE_STRIP = NO;
				DEBUG_INFORMATION_FORMAT = dwarf;
				ENABLE_STRICT_OBJC_MSGSEND = YES;
				ENABLE_TESTABILITY = YES;
				GCC_C_LANGUAGE_STANDARD = gnu11;
				GCC_DYNAMIC_NO_PIC = NO;
				GCC_NO_COMMON_BLOCKS = YES;
				GCC_OPTIMIZATION_LEVEL = 0;
				GCC_PREPROCESSOR_DEFINITIONS = (
					"DEBUG=1",
					"$(inherited)",
				);
				GCC_WARN_64_TO_32_BIT_CONVERSION = YES;
				GCC_WARN_ABOUT_RETURN_TYPE = YES_ERROR;
				GCC_WARN_UNDECLARED_SELECTOR = YES;
				GCC_WARN_UNINITIALIZED_AUTOS = YES_AGGRESSIVE;
				GCC_WARN_UNUSED_FUNCTION = YES;
				GCC_WARN_UNUSED_VARIABLE = YES;
				IPHONEOS_DEPLOYMENT_TARGET = 14.3;
				MTL_ENABLE_DEBUG_INFO = INCLUDE_SOURCE;
				MTL_FAST_MATH = YES;
				ONLY_ACTIVE_ARCH = YES;
				SDKROOT = iphoneos;
				SWIFT_ACTIVE_COMPILATION_CONDITIONS = DEBUG;
				SWIFT_OPTIMIZATION_LEVEL = "-Onone";
			};
			name = Debug;
		};
		B9AEF9D225D7E5EC000EF9DE /* Release */ = {
			isa = XCBuildConfiguration;
			buildSettings = {
				ALWAYS_SEARCH_USER_PATHS = NO;
				CLANG_ANALYZER_NONNULL = YES;
				CLANG_ANALYZER_NUMBER_OBJECT_CONVERSION = YES_AGGRESSIVE;
				CLANG_CXX_LANGUAGE_STANDARD = "gnu++14";
				CLANG_CXX_LIBRARY = "libc++";
				CLANG_ENABLE_MODULES = YES;
				CLANG_ENABLE_OBJC_ARC = YES;
				CLANG_ENABLE_OBJC_WEAK = YES;
				CLANG_WARN_BLOCK_CAPTURE_AUTORELEASING = YES;
				CLANG_WARN_BOOL_CONVERSION = YES;
				CLANG_WARN_COMMA = YES;
				CLANG_WARN_CONSTANT_CONVERSION = YES;
				CLANG_WARN_DEPRECATED_OBJC_IMPLEMENTATIONS = YES;
				CLANG_WARN_DIRECT_OBJC_ISA_USAGE = YES_ERROR;
				CLANG_WARN_DOCUMENTATION_COMMENTS = YES;
				CLANG_WARN_EMPTY_BODY = YES;
				CLANG_WARN_ENUM_CONVERSION = YES;
				CLANG_WARN_INFINITE_RECURSION = YES;
				CLANG_WARN_INT_CONVERSION = YES;
				CLANG_WARN_NON_LITERAL_NULL_CONVERSION = YES;
				CLANG_WARN_OBJC_IMPLICIT_RETAIN_SELF = YES;
				CLANG_WARN_OBJC_LITERAL_CONVERSION = YES;
				CLANG_WARN_OBJC_ROOT_CLASS = YES_ERROR;
				CLANG_WARN_QUOTED_INCLUDE_IN_FRAMEWORK_HEADER = YES;
				CLANG_WARN_RANGE_LOOP_ANALYSIS = YES;
				CLANG_WARN_STRICT_PROTOTYPES = YES;
				CLANG_WARN_SUSPICIOUS_MOVE = YES;
				CLANG_WARN_UNGUARDED_AVAILABILITY = YES_AGGRESSIVE;
				CLANG_WARN_UNREACHABLE_CODE = YES;
				CLANG_WARN__DUPLICATE_METHOD_MATCH = YES;
				COPY_PHASE_STRIP = NO;
				DEBUG_INFORMATION_FORMAT = "dwarf-with-dsym";
				ENABLE_NS_ASSERTIONS = NO;
				ENABLE_STRICT_OBJC_MSGSEND = YES;
				GCC_C_LANGUAGE_STANDARD = gnu11;
				GCC_NO_COMMON_BLOCKS = YES;
				GCC_WARN_64_TO_32_BIT_CONVERSION = YES;
				GCC_WARN_ABOUT_RETURN_TYPE = YES_ERROR;
				GCC_WARN_UNDECLARED_SELECTOR = YES;
				GCC_WARN_UNINITIALIZED_AUTOS = YES_AGGRESSIVE;
				GCC_WARN_UNUSED_FUNCTION = YES;
				GCC_WARN_UNUSED_VARIABLE = YES;
				IPHONEOS_DEPLOYMENT_TARGET = 14.3;
				MTL_ENABLE_DEBUG_INFO = NO;
				MTL_FAST_MATH = YES;
				SDKROOT = iphoneos;
				SWIFT_COMPILATION_MODE = wholemodule;
				SWIFT_OPTIMIZATION_LEVEL = "-O";
				VALIDATE_PRODUCT = YES;
			};
			name = Release;
		};
		B9AEF9D425D7E5EC000EF9DE /* Debug */ = {
			isa = XCBuildConfiguration;
			buildSettings = {
				ASSETCATALOG_COMPILER_APPICON_NAME = AppIcon;
				ASSETCATALOG_COMPILER_GLOBAL_ACCENT_COLOR_NAME = AccentColor;
				CODE_SIGN_STYLE = Automatic;
				DEVELOPMENT_ASSET_PATHS = "";
				DEVELOPMENT_TEAM = 74N8K5J2N7;
				ENABLE_PREVIEWS = YES;
				INFOPLIST_FILE = "COVID-19/Info.plist";
				IPHONEOS_DEPLOYMENT_TARGET = 14.0;
				LD_RUNPATH_SEARCH_PATHS = (
					"$(inherited)",
					"@executable_path/Frameworks",
				);
				PRODUCT_BUNDLE_IDENTIFIER = "com.julianschiavo.Loadability.Examples.COVID-19";
				PRODUCT_NAME = "$(TARGET_NAME)";
				SWIFT_VERSION = 5.0;
				TARGETED_DEVICE_FAMILY = 1;
			};
			name = Debug;
		};
		B9AEF9D525D7E5EC000EF9DE /* Release */ = {
			isa = XCBuildConfiguration;
			buildSettings = {
				ASSETCATALOG_COMPILER_APPICON_NAME = AppIcon;
				ASSETCATALOG_COMPILER_GLOBAL_ACCENT_COLOR_NAME = AccentColor;
				CODE_SIGN_STYLE = Automatic;
				DEVELOPMENT_ASSET_PATHS = "";
				DEVELOPMENT_TEAM = 74N8K5J2N7;
				ENABLE_PREVIEWS = YES;
				INFOPLIST_FILE = "COVID-19/Info.plist";
				IPHONEOS_DEPLOYMENT_TARGET = 14.0;
				LD_RUNPATH_SEARCH_PATHS = (
					"$(inherited)",
					"@executable_path/Frameworks",
				);
				PRODUCT_BUNDLE_IDENTIFIER = "com.julianschiavo.Loadability.Examples.COVID-19";
				PRODUCT_NAME = "$(TARGET_NAME)";
				SWIFT_VERSION = 5.0;
				TARGETED_DEVICE_FAMILY = 1;
			};
			name = Release;
		};
/* End XCBuildConfiguration section */

/* Begin XCConfigurationList section */
		B9AEF9BF25D7E5EB000EF9DE /* Build configuration list for PBXProject "COVID-19" */ = {
			isa = XCConfigurationList;
			buildConfigurations = (
				B9AEF9D125D7E5EC000EF9DE /* Debug */,
				B9AEF9D225D7E5EC000EF9DE /* Release */,
			);
			defaultConfigurationIsVisible = 0;
			defaultConfigurationName = Release;
		};
		B9AEF9D325D7E5EC000EF9DE /* Build configuration list for PBXNativeTarget "COVID-19" */ = {
			isa = XCConfigurationList;
			buildConfigurations = (
				B9AEF9D425D7E5EC000EF9DE /* Debug */,
				B9AEF9D525D7E5EC000EF9DE /* Release */,
			);
			defaultConfigurationIsVisible = 0;
			defaultConfigurationName = Release;
		};
/* End XCConfigurationList section */

/* Begin XCRemoteSwiftPackageReference section */
		B9AEF9D725D7E64A000EF9DE /* XCRemoteSwiftPackageReference "Loadability" */ = {
			isa = XCRemoteSwiftPackageReference;
			repositoryURL = "file:///Users/Julian/Developer/Packages/Loadability";
			requirement = {
				branch = main;
				kind = branch;
			};
		};
/* End XCRemoteSwiftPackageReference section */

/* Begin XCSwiftPackageProductDependency section */
		B9AEF9D825D7E64A000EF9DE /* Loadability */ = {
			isa = XCSwiftPackageProductDependency;
			package = B9AEF9D725D7E64A000EF9DE /* XCRemoteSwiftPackageReference "Loadability" */;
			productName = Loadability;
		};
/* End XCSwiftPackageProductDependency section */
	};
	rootObject = B9AEF9BC25D7E5EB000EF9DE /* Project object */;
}
