{
  "object": {
    "pins": [
      {
        "package": "Loadability",
        "repositoryURL": "/Users/Julian/Developer/Packages/Loadability",
        "state": {
          "branch": "main",
          "revision": "c77e006cc556c8eb0c0677393062e3c65e87d9f9",
          "version": null
        }
      }
    ]
  },
  "version": 1
}
